
Microsoft Visual Studio Solution File, Format Version 12.00
# Visual Studio Version 16
VisualStudioVersion = 16.0.28729.10
MinimumVisualStudioVersion = 10.0.40219.1
Project("{9A19103F-16F7-4668-BE54-9A1E7A4F7556}") = "HLab.Base", "..\..\HLab\HLab.Base\HLab.Base.csproj", "{F8FC76A4-4185-4D23-B707-8DE9591D8052}"
EndProject
Project("{9A19103F-16F7-4668-BE54-9A1E7A4F7556}") = "HLab.Erp.Acl", "..\..\HLab.Erp\HLab.Erp.Acl\HLab.Erp.Acl.csproj", "{9B1F096B-BC32-4066-88D0-5FDB2B0ACAC5}"
EndProject
Project("{9A19103F-16F7-4668-BE54-9A1E7A4F7556}") = "HLab.Erp.Data", "..\..\HLab.Erp\HLab.Erp.Data\HLab.Erp.Data.csproj", "{B757A1BE-E1EC-4E63-9441-E387030AF2E1}"
EndProject
Project("{9A19103F-16F7-4668-BE54-9A1E7A4F7556}") = "HLab.Erp.Acl.Wpf", "..\..\HLab.Erp\HLab.Erp.Acl.Wpf\HLab.Erp.Acl.Wpf.csproj", "{C70D71C7-FECF-427D-8200-FE2BF374DF1C}"
EndProject
Project("{9A19103F-16F7-4668-BE54-9A1E7A4F7556}") = "HLab.Erp.Core", "..\..\HLab.Erp\HLab.Erp.Core\HLab.Erp.Core.csproj", "{EAD1AD5B-5854-45DE-8678-3ACD9418C3FE}"
EndProject
Project("{9A19103F-16F7-4668-BE54-9A1E7A4F7556}") = "HLab.Erp.Core.Wpf", "..\..\HLab.Erp\HLab.Erp.Core.Wpf\HLab.Erp.Core.Wpf.csproj", "{B1B1E423-9811-4294-A741-2C3422053C41}"
EndProject
Project("{9A19103F-16F7-4668-BE54-9A1E7A4F7556}") = "HLab.Erp.Lims.Analysis.Data", "Hlab.Erp.Lims.Analysis.Data\HLab.Erp.Lims.Analysis.Data.csproj", "{1FC811C3-4763-429E-A791-E37C6E0F22A0}"
EndProject
Project("{9A19103F-16F7-4668-BE54-9A1E7A4F7556}") = "HLab.Mvvm", "..\..\HLab\HLab.Mvvm\HLab.Mvvm.csproj", "{128D4166-C048-4C32-AA51-376FE51CFC3D}"
EndProject
Project("{2150E333-8FDC-42A3-9474-1A3956D46DE8}") = "HLab", "HLab", "{DFD6E0AF-B89E-487C-BD62-1BCE8EEAAC5F}"
EndProject
Project("{2150E333-8FDC-42A3-9474-1A3956D46DE8}") = "HLab.Erp", "HLab.Erp", "{641C3C26-5233-4042-992A-00A7B5062C60}"
EndProject
Project("{2150E333-8FDC-42A3-9474-1A3956D46DE8}") = "HLab.Erp.Lims", "HLab.Erp.Lims", "{58A67C27-6A48-4C48-BE47-688D0E1375F7}"
EndProject
Project("{9A19103F-16F7-4668-BE54-9A1E7A4F7556}") = "HLab.Mvvm.Wpf", "..\..\HLab\HLab.Mvvm.Wpf\HLab.Mvvm.Wpf.csproj", "{8FF8B90D-3611-48E3-9355-E0B776E882B1}"
EndProject
Project("{9A19103F-16F7-4668-BE54-9A1E7A4F7556}") = "HLab.Notify.Wpf", "..\..\HLab\HLab.Notify.Wpf\HLab.Notify.Wpf.csproj", "{267BDC6C-00BB-457C-8097-8ED6D4761122}"
EndProject
Project("{9A19103F-16F7-4668-BE54-9A1E7A4F7556}") = "HLab.DependencyInjection", "..\..\HLab\HLab.DependencyInjection\HLab.DependencyInjection.csproj", "{3D880D46-B3B9-4714-93A1-A1FA8EA8D36D}"
EndProject
Project("{9A19103F-16F7-4668-BE54-9A1E7A4F7556}") = "HLab.Core", "..\..\HLab\HLab.Core\HLab.Core.csproj", "{5F8E2F32-409E-4A88-B7B8-787601642792}"
EndProject
Project("{9A19103F-16F7-4668-BE54-9A1E7A4F7556}") = "HLab.Erp.Base.Data", "..\..\HLab.Erp\HLab.Erp.Base.Data\HLab.Erp.Base.Data.csproj", "{4EDC4222-B269-4959-B742-FC043E265950}"
EndProject
Project("{9A19103F-16F7-4668-BE54-9A1E7A4F7556}") = "HLab.DependencyInjection.Annotations", "..\..\HLab\HLab.DependencyInjection.Annotations\HLab.DependencyInjection.Annotations.csproj", "{F5AA1DCC-FD2E-4039-9326-B28E86A97D66}"
EndProject
Project("{9A19103F-16F7-4668-BE54-9A1E7A4F7556}") = "HLab.Core.Annotations", "..\..\HLab\HLab.Core.Annotations\HLab.Core.Annotations.csproj", "{B1DA1CB1-D9D0-4CEA-A2D9-865FAB6A0E1B}"
EndProject
Project("{9A19103F-16F7-4668-BE54-9A1E7A4F7556}") = "HLab.Mvvm.Annotations", "..\..\HLab\HLab.Mvvm.Annotations\HLab.Mvvm.Annotations.csproj", "{72EDFC1D-FD1D-4896-A339-72DA02A6920C}"
EndProject
Project("{9A19103F-16F7-4668-BE54-9A1E7A4F7556}") = "HLab.Notify.PropertyChanged", "..\..\HLab\HLab.Notify.PropertyChanged\HLab.Notify.PropertyChanged.csproj", "{A0AFF01C-20BE-4D61-8DFB-D97641162932}"
EndProject
Project("{9A19103F-16F7-4668-BE54-9A1E7A4F7556}") = "HLab.Erp.Lims.Analysis.Module", "HLab.Erp.Lims.Analysis.Module\HLab.Erp.Lims.Analysis.Module.csproj", "{CFEFA50A-B335-41B7-B5F0-ADAE7DD15894}"
EndProject
Project("{9A19103F-16F7-4668-BE54-9A1E7A4F7556}") = "HLab.Base.Wpf", "..\..\HLab\HLab.Base.Wpf\HLab.Base.Wpf.csproj", "{6EEB284B-1BA3-4CEC-975C-752D32A3BC19}"
EndProject
Project("{9A19103F-16F7-4668-BE54-9A1E7A4F7556}") = "HLab.Erp.Workflows", "..\..\HLab.Erp\HLab.Erp.Workflows\HLab.Erp.Workflows.csproj", "{EF5143DE-6828-433C-8B5B-5148CD82E7DD}"
EndProject
Project("{9A19103F-16F7-4668-BE54-9A1E7A4F7556}") = "HLab.Erp.Workflows.Wpf", "..\..\HLab.Erp\HLab.Erp.Workflows.Wpf\HLab.Erp.Workflows.Wpf.csproj", "{526A8792-CCCD-41AF-931A-B594CADFF229}"
EndProject
Project("{9A19103F-16F7-4668-BE54-9A1E7A4F7556}") = "HLab.Erp.Lims.Analysis.Loader", "HLab.Erp.Lims.Analysis.Loader\HLab.Erp.Lims.Analysis.Loader.csproj", "{9B044557-FB88-4405-830C-FE8105860DF2}"
EndProject
Project("{9A19103F-16F7-4668-BE54-9A1E7A4F7556}") = "HLab.Erp.Data.Annotations", "..\..\HLab.Erp\HLab.Erp.Data.Annotations\HLab.Erp.Data.Annotations.csproj", "{CB53DD6B-B0D7-4247-95A9-004082A183FE}"
EndProject
Project("{9A19103F-16F7-4668-BE54-9A1E7A4F7556}") = "HLab.Erp.Module", "..\..\HLab.Erp\HLab.Erp.Module\HLab.Erp.Module\HLab.Erp.Module.csproj", "{F2967EF0-6B44-44B8-B7D2-6E3858F633AD}"
EndProject
Project("{9A19103F-16F7-4668-BE54-9A1E7A4F7556}") = "NPoco", "..\..\Lib\NPoco\src\NPoco\NPoco.csproj", "{D6CD11C2-299C-427E-B555-A3A44932F831}"
EndProject
Project("{9A19103F-16F7-4668-BE54-9A1E7A4F7556}") = "HLab.DependencyInjection.UTests", "..\..\HLab\HLab.DependencyInjection.UTests\HLab.DependencyInjection.UTests.csproj", "{84540A71-6C6E-4BCE-B8F2-A879580C5A5B}"
EndProject
Project("{9A19103F-16F7-4668-BE54-9A1E7A4F7556}") = "HLab.Acl", "..\..\HLab\HLab.Acl\HLab.Acl.csproj", "{3B18D048-50A6-4C58-9569-C2DA8F488066}"
EndProject
Project("{9A19103F-16F7-4668-BE54-9A1E7A4F7556}") = "HLab.Base.UTests", "..\..\HLab\HLab.Base.Utests\XUnitTestProject1\HLab.Base.UTests.csproj", "{7E46AAB2-0645-4B66-B2BF-37E91AC4BF7C}"
EndProject
Project("{9A19103F-16F7-4668-BE54-9A1E7A4F7556}") = "HLab.Erp.Core.Annotations", "..\..\HLab.Erp\HLab.Erp.Core.Annotations\HLab.Erp.Core.Annotations.csproj", "{474E807E-0122-42E0-A6E9-B9B22EE633BE}"
EndProject
Project("{9A19103F-16F7-4668-BE54-9A1E7A4F7556}") = "HLab.Notify.PropertyChanged.UTest", "..\..\HLab\HLab.Notify.PropertyChanged.Utest\HLab.Notify.PropertyChanged.UTest.csproj", "{5F459AAC-F5C1-4602-8B4F-6CB867AD0348}"
EndProject
Project("{9A19103F-16F7-4668-BE54-9A1E7A4F7556}") = "HLab.Notify.Annotations", "..\..\HLab\HLab.Notify.Annotations\HLab.Notify.Annotations.csproj", "{37BF6679-185D-44DC-84AE-D93469FE233A}"
EndProject
Project("{9A19103F-16F7-4668-BE54-9A1E7A4F7556}") = "HLab.Erp.Base.Wpf", "..\..\HLab.Erp\HLab.Erp.Base.Wpf\HLab.Erp.Base.Wpf.csproj", "{D2B6434F-2C5D-4A86-A620-3E16F139BD1F}"
EndProject
Project("{9A19103F-16F7-4668-BE54-9A1E7A4F7556}") = "YAMP.Core", "..\..\Lib\YAMP.NetCore\YAMP.Core\YAMP.Core.csproj", "{AA1EBC9C-1F54-42C7-8713-9693FB9F1149}"
EndProject
Global
	GlobalSection(SolutionConfigurationPlatforms) = preSolution
		Debug|Any CPU = Debug|Any CPU
		Debug|x64 = Debug|x64
		Debug|x86 = Debug|x86
		Release|Any CPU = Release|Any CPU
		Release|x64 = Release|x64
		Release|x86 = Release|x86
		ReleaseLocal|Any CPU = ReleaseLocal|Any CPU
		ReleaseLocal|x64 = ReleaseLocal|x64
		ReleaseLocal|x86 = ReleaseLocal|x86
	EndGlobalSection
	GlobalSection(ProjectConfigurationPlatforms) = postSolution
		{F8FC76A4-4185-4D23-B707-8DE9591D8052}.Debug|Any CPU.ActiveCfg = Debug|Any CPU
		{F8FC76A4-4185-4D23-B707-8DE9591D8052}.Debug|Any CPU.Build.0 = Debug|Any CPU
		{F8FC76A4-4185-4D23-B707-8DE9591D8052}.Debug|x64.ActiveCfg = Debug|x64
		{F8FC76A4-4185-4D23-B707-8DE9591D8052}.Debug|x64.Build.0 = Debug|x64
		{F8FC76A4-4185-4D23-B707-8DE9591D8052}.Debug|x86.ActiveCfg = Debug|Any CPU
		{F8FC76A4-4185-4D23-B707-8DE9591D8052}.Debug|x86.Build.0 = Debug|Any CPU
		{F8FC76A4-4185-4D23-B707-8DE9591D8052}.Release|Any CPU.ActiveCfg = Release|Any CPU
		{F8FC76A4-4185-4D23-B707-8DE9591D8052}.Release|Any CPU.Build.0 = Release|Any CPU
		{F8FC76A4-4185-4D23-B707-8DE9591D8052}.Release|x64.ActiveCfg = Release|x64
		{F8FC76A4-4185-4D23-B707-8DE9591D8052}.Release|x64.Build.0 = Release|x64
		{F8FC76A4-4185-4D23-B707-8DE9591D8052}.Release|x86.ActiveCfg = Release|Any CPU
		{F8FC76A4-4185-4D23-B707-8DE9591D8052}.Release|x86.Build.0 = Release|Any CPU
		{F8FC76A4-4185-4D23-B707-8DE9591D8052}.ReleaseLocal|Any CPU.ActiveCfg = Release|Any CPU
		{F8FC76A4-4185-4D23-B707-8DE9591D8052}.ReleaseLocal|Any CPU.Build.0 = Release|Any CPU
		{F8FC76A4-4185-4D23-B707-8DE9591D8052}.ReleaseLocal|x64.ActiveCfg = Release|x64
		{F8FC76A4-4185-4D23-B707-8DE9591D8052}.ReleaseLocal|x64.Build.0 = Release|x64
		{F8FC76A4-4185-4D23-B707-8DE9591D8052}.ReleaseLocal|x86.ActiveCfg = Release|Any CPU
		{F8FC76A4-4185-4D23-B707-8DE9591D8052}.ReleaseLocal|x86.Build.0 = Release|Any CPU
		{9B1F096B-BC32-4066-88D0-5FDB2B0ACAC5}.Debug|Any CPU.ActiveCfg = Debug|Any CPU
		{9B1F096B-BC32-4066-88D0-5FDB2B0ACAC5}.Debug|Any CPU.Build.0 = Debug|Any CPU
		{9B1F096B-BC32-4066-88D0-5FDB2B0ACAC5}.Debug|x64.ActiveCfg = Debug|x64
		{9B1F096B-BC32-4066-88D0-5FDB2B0ACAC5}.Debug|x64.Build.0 = Debug|x64
		{9B1F096B-BC32-4066-88D0-5FDB2B0ACAC5}.Debug|x86.ActiveCfg = Debug|Any CPU
		{9B1F096B-BC32-4066-88D0-5FDB2B0ACAC5}.Debug|x86.Build.0 = Debug|Any CPU
		{9B1F096B-BC32-4066-88D0-5FDB2B0ACAC5}.Release|Any CPU.ActiveCfg = Release|Any CPU
		{9B1F096B-BC32-4066-88D0-5FDB2B0ACAC5}.Release|Any CPU.Build.0 = Release|Any CPU
		{9B1F096B-BC32-4066-88D0-5FDB2B0ACAC5}.Release|x64.ActiveCfg = Release|x64
		{9B1F096B-BC32-4066-88D0-5FDB2B0ACAC5}.Release|x64.Build.0 = Release|x64
		{9B1F096B-BC32-4066-88D0-5FDB2B0ACAC5}.Release|x86.ActiveCfg = Release|Any CPU
		{9B1F096B-BC32-4066-88D0-5FDB2B0ACAC5}.Release|x86.Build.0 = Release|Any CPU
		{9B1F096B-BC32-4066-88D0-5FDB2B0ACAC5}.ReleaseLocal|Any CPU.ActiveCfg = Release|Any CPU
		{9B1F096B-BC32-4066-88D0-5FDB2B0ACAC5}.ReleaseLocal|Any CPU.Build.0 = Release|Any CPU
		{9B1F096B-BC32-4066-88D0-5FDB2B0ACAC5}.ReleaseLocal|x64.ActiveCfg = Release|x64
		{9B1F096B-BC32-4066-88D0-5FDB2B0ACAC5}.ReleaseLocal|x64.Build.0 = Release|x64
		{9B1F096B-BC32-4066-88D0-5FDB2B0ACAC5}.ReleaseLocal|x86.ActiveCfg = Release|Any CPU
		{9B1F096B-BC32-4066-88D0-5FDB2B0ACAC5}.ReleaseLocal|x86.Build.0 = Release|Any CPU
		{B757A1BE-E1EC-4E63-9441-E387030AF2E1}.Debug|Any CPU.ActiveCfg = Debug|Any CPU
		{B757A1BE-E1EC-4E63-9441-E387030AF2E1}.Debug|Any CPU.Build.0 = Debug|Any CPU
		{B757A1BE-E1EC-4E63-9441-E387030AF2E1}.Debug|x64.ActiveCfg = Debug|x64
		{B757A1BE-E1EC-4E63-9441-E387030AF2E1}.Debug|x64.Build.0 = Debug|x64
		{B757A1BE-E1EC-4E63-9441-E387030AF2E1}.Debug|x86.ActiveCfg = Debug|Any CPU
		{B757A1BE-E1EC-4E63-9441-E387030AF2E1}.Debug|x86.Build.0 = Debug|Any CPU
		{B757A1BE-E1EC-4E63-9441-E387030AF2E1}.Release|Any CPU.ActiveCfg = Release|Any CPU
		{B757A1BE-E1EC-4E63-9441-E387030AF2E1}.Release|Any CPU.Build.0 = Release|Any CPU
		{B757A1BE-E1EC-4E63-9441-E387030AF2E1}.Release|x64.ActiveCfg = Release|x64
		{B757A1BE-E1EC-4E63-9441-E387030AF2E1}.Release|x64.Build.0 = Release|x64
		{B757A1BE-E1EC-4E63-9441-E387030AF2E1}.Release|x86.ActiveCfg = Release|Any CPU
		{B757A1BE-E1EC-4E63-9441-E387030AF2E1}.Release|x86.Build.0 = Release|Any CPU
		{B757A1BE-E1EC-4E63-9441-E387030AF2E1}.ReleaseLocal|Any CPU.ActiveCfg = Release|Any CPU
		{B757A1BE-E1EC-4E63-9441-E387030AF2E1}.ReleaseLocal|Any CPU.Build.0 = Release|Any CPU
		{B757A1BE-E1EC-4E63-9441-E387030AF2E1}.ReleaseLocal|x64.ActiveCfg = Release|x64
		{B757A1BE-E1EC-4E63-9441-E387030AF2E1}.ReleaseLocal|x64.Build.0 = Release|x64
		{B757A1BE-E1EC-4E63-9441-E387030AF2E1}.ReleaseLocal|x86.ActiveCfg = Release|Any CPU
		{B757A1BE-E1EC-4E63-9441-E387030AF2E1}.ReleaseLocal|x86.Build.0 = Release|Any CPU
		{C70D71C7-FECF-427D-8200-FE2BF374DF1C}.Debug|Any CPU.ActiveCfg = Debug|Any CPU
		{C70D71C7-FECF-427D-8200-FE2BF374DF1C}.Debug|Any CPU.Build.0 = Debug|Any CPU
		{C70D71C7-FECF-427D-8200-FE2BF374DF1C}.Debug|x64.ActiveCfg = Debug|x64
		{C70D71C7-FECF-427D-8200-FE2BF374DF1C}.Debug|x64.Build.0 = Debug|x64
		{C70D71C7-FECF-427D-8200-FE2BF374DF1C}.Debug|x86.ActiveCfg = Debug|Any CPU
		{C70D71C7-FECF-427D-8200-FE2BF374DF1C}.Debug|x86.Build.0 = Debug|Any CPU
		{C70D71C7-FECF-427D-8200-FE2BF374DF1C}.Release|Any CPU.ActiveCfg = Release|Any CPU
		{C70D71C7-FECF-427D-8200-FE2BF374DF1C}.Release|Any CPU.Build.0 = Release|Any CPU
		{C70D71C7-FECF-427D-8200-FE2BF374DF1C}.Release|x64.ActiveCfg = Release|x64
		{C70D71C7-FECF-427D-8200-FE2BF374DF1C}.Release|x64.Build.0 = Release|x64
		{C70D71C7-FECF-427D-8200-FE2BF374DF1C}.Release|x86.ActiveCfg = Release|Any CPU
		{C70D71C7-FECF-427D-8200-FE2BF374DF1C}.Release|x86.Build.0 = Release|Any CPU
		{C70D71C7-FECF-427D-8200-FE2BF374DF1C}.ReleaseLocal|Any CPU.ActiveCfg = Release|Any CPU
		{C70D71C7-FECF-427D-8200-FE2BF374DF1C}.ReleaseLocal|Any CPU.Build.0 = Release|Any CPU
		{C70D71C7-FECF-427D-8200-FE2BF374DF1C}.ReleaseLocal|x64.ActiveCfg = Release|x64
		{C70D71C7-FECF-427D-8200-FE2BF374DF1C}.ReleaseLocal|x64.Build.0 = Release|x64
		{C70D71C7-FECF-427D-8200-FE2BF374DF1C}.ReleaseLocal|x86.ActiveCfg = Release|Any CPU
		{C70D71C7-FECF-427D-8200-FE2BF374DF1C}.ReleaseLocal|x86.Build.0 = Release|Any CPU
		{EAD1AD5B-5854-45DE-8678-3ACD9418C3FE}.Debug|Any CPU.ActiveCfg = Debug|Any CPU
		{EAD1AD5B-5854-45DE-8678-3ACD9418C3FE}.Debug|Any CPU.Build.0 = Debug|Any CPU
		{EAD1AD5B-5854-45DE-8678-3ACD9418C3FE}.Debug|x64.ActiveCfg = Debug|x64
		{EAD1AD5B-5854-45DE-8678-3ACD9418C3FE}.Debug|x64.Build.0 = Debug|x64
		{EAD1AD5B-5854-45DE-8678-3ACD9418C3FE}.Debug|x86.ActiveCfg = Debug|Any CPU
		{EAD1AD5B-5854-45DE-8678-3ACD9418C3FE}.Debug|x86.Build.0 = Debug|Any CPU
		{EAD1AD5B-5854-45DE-8678-3ACD9418C3FE}.Release|Any CPU.ActiveCfg = Release|Any CPU
		{EAD1AD5B-5854-45DE-8678-3ACD9418C3FE}.Release|Any CPU.Build.0 = Release|Any CPU
		{EAD1AD5B-5854-45DE-8678-3ACD9418C3FE}.Release|x64.ActiveCfg = Release|x64
		{EAD1AD5B-5854-45DE-8678-3ACD9418C3FE}.Release|x64.Build.0 = Release|x64
		{EAD1AD5B-5854-45DE-8678-3ACD9418C3FE}.Release|x86.ActiveCfg = Release|Any CPU
		{EAD1AD5B-5854-45DE-8678-3ACD9418C3FE}.Release|x86.Build.0 = Release|Any CPU
		{EAD1AD5B-5854-45DE-8678-3ACD9418C3FE}.ReleaseLocal|Any CPU.ActiveCfg = Release|Any CPU
		{EAD1AD5B-5854-45DE-8678-3ACD9418C3FE}.ReleaseLocal|Any CPU.Build.0 = Release|Any CPU
		{EAD1AD5B-5854-45DE-8678-3ACD9418C3FE}.ReleaseLocal|x64.ActiveCfg = Release|x64
		{EAD1AD5B-5854-45DE-8678-3ACD9418C3FE}.ReleaseLocal|x64.Build.0 = Release|x64
		{EAD1AD5B-5854-45DE-8678-3ACD9418C3FE}.ReleaseLocal|x86.ActiveCfg = Release|Any CPU
		{EAD1AD5B-5854-45DE-8678-3ACD9418C3FE}.ReleaseLocal|x86.Build.0 = Release|Any CPU
		{B1B1E423-9811-4294-A741-2C3422053C41}.Debug|Any CPU.ActiveCfg = Debug|Any CPU
		{B1B1E423-9811-4294-A741-2C3422053C41}.Debug|Any CPU.Build.0 = Debug|Any CPU
		{B1B1E423-9811-4294-A741-2C3422053C41}.Debug|x64.ActiveCfg = Debug|x64
		{B1B1E423-9811-4294-A741-2C3422053C41}.Debug|x64.Build.0 = Debug|x64
		{B1B1E423-9811-4294-A741-2C3422053C41}.Debug|x86.ActiveCfg = Debug|Any CPU
		{B1B1E423-9811-4294-A741-2C3422053C41}.Debug|x86.Build.0 = Debug|Any CPU
		{B1B1E423-9811-4294-A741-2C3422053C41}.Release|Any CPU.ActiveCfg = Release|Any CPU
		{B1B1E423-9811-4294-A741-2C3422053C41}.Release|Any CPU.Build.0 = Release|Any CPU
		{B1B1E423-9811-4294-A741-2C3422053C41}.Release|x64.ActiveCfg = Release|x64
		{B1B1E423-9811-4294-A741-2C3422053C41}.Release|x64.Build.0 = Release|x64
		{B1B1E423-9811-4294-A741-2C3422053C41}.Release|x86.ActiveCfg = Release|Any CPU
		{B1B1E423-9811-4294-A741-2C3422053C41}.Release|x86.Build.0 = Release|Any CPU
		{B1B1E423-9811-4294-A741-2C3422053C41}.ReleaseLocal|Any CPU.ActiveCfg = Release|Any CPU
		{B1B1E423-9811-4294-A741-2C3422053C41}.ReleaseLocal|Any CPU.Build.0 = Release|Any CPU
		{B1B1E423-9811-4294-A741-2C3422053C41}.ReleaseLocal|x64.ActiveCfg = Release|x64
		{B1B1E423-9811-4294-A741-2C3422053C41}.ReleaseLocal|x64.Build.0 = Release|x64
		{B1B1E423-9811-4294-A741-2C3422053C41}.ReleaseLocal|x86.ActiveCfg = Release|Any CPU
		{B1B1E423-9811-4294-A741-2C3422053C41}.ReleaseLocal|x86.Build.0 = Release|Any CPU
		{1FC811C3-4763-429E-A791-E37C6E0F22A0}.Debug|Any CPU.ActiveCfg = Debug|Any CPU
		{1FC811C3-4763-429E-A791-E37C6E0F22A0}.Debug|Any CPU.Build.0 = Debug|Any CPU
		{1FC811C3-4763-429E-A791-E37C6E0F22A0}.Debug|x64.ActiveCfg = Debug|x64
		{1FC811C3-4763-429E-A791-E37C6E0F22A0}.Debug|x64.Build.0 = Debug|x64
		{1FC811C3-4763-429E-A791-E37C6E0F22A0}.Debug|x86.ActiveCfg = Debug|Any CPU
		{1FC811C3-4763-429E-A791-E37C6E0F22A0}.Debug|x86.Build.0 = Debug|Any CPU
		{1FC811C3-4763-429E-A791-E37C6E0F22A0}.Release|Any CPU.ActiveCfg = Release|Any CPU
		{1FC811C3-4763-429E-A791-E37C6E0F22A0}.Release|Any CPU.Build.0 = Release|Any CPU
		{1FC811C3-4763-429E-A791-E37C6E0F22A0}.Release|x64.ActiveCfg = Release|x64
		{1FC811C3-4763-429E-A791-E37C6E0F22A0}.Release|x64.Build.0 = Release|x64
		{1FC811C3-4763-429E-A791-E37C6E0F22A0}.Release|x86.ActiveCfg = Release|Any CPU
		{1FC811C3-4763-429E-A791-E37C6E0F22A0}.Release|x86.Build.0 = Release|Any CPU
		{1FC811C3-4763-429E-A791-E37C6E0F22A0}.ReleaseLocal|Any CPU.ActiveCfg = Release|Any CPU
		{1FC811C3-4763-429E-A791-E37C6E0F22A0}.ReleaseLocal|Any CPU.Build.0 = Release|Any CPU
		{1FC811C3-4763-429E-A791-E37C6E0F22A0}.ReleaseLocal|x64.ActiveCfg = Release|x64
		{1FC811C3-4763-429E-A791-E37C6E0F22A0}.ReleaseLocal|x64.Build.0 = Release|x64
		{1FC811C3-4763-429E-A791-E37C6E0F22A0}.ReleaseLocal|x86.ActiveCfg = Release|Any CPU
		{1FC811C3-4763-429E-A791-E37C6E0F22A0}.ReleaseLocal|x86.Build.0 = Release|Any CPU
		{128D4166-C048-4C32-AA51-376FE51CFC3D}.Debug|Any CPU.ActiveCfg = Debug|Any CPU
		{128D4166-C048-4C32-AA51-376FE51CFC3D}.Debug|Any CPU.Build.0 = Debug|Any CPU
		{128D4166-C048-4C32-AA51-376FE51CFC3D}.Debug|x64.ActiveCfg = Debug|x64
		{128D4166-C048-4C32-AA51-376FE51CFC3D}.Debug|x64.Build.0 = Debug|x64
		{128D4166-C048-4C32-AA51-376FE51CFC3D}.Debug|x86.ActiveCfg = Debug|Any CPU
		{128D4166-C048-4C32-AA51-376FE51CFC3D}.Debug|x86.Build.0 = Debug|Any CPU
		{128D4166-C048-4C32-AA51-376FE51CFC3D}.Release|Any CPU.ActiveCfg = Release|Any CPU
		{128D4166-C048-4C32-AA51-376FE51CFC3D}.Release|Any CPU.Build.0 = Release|Any CPU
		{128D4166-C048-4C32-AA51-376FE51CFC3D}.Release|x64.ActiveCfg = Release|x64
		{128D4166-C048-4C32-AA51-376FE51CFC3D}.Release|x64.Build.0 = Release|x64
		{128D4166-C048-4C32-AA51-376FE51CFC3D}.Release|x86.ActiveCfg = Release|Any CPU
		{128D4166-C048-4C32-AA51-376FE51CFC3D}.Release|x86.Build.0 = Release|Any CPU
		{128D4166-C048-4C32-AA51-376FE51CFC3D}.ReleaseLocal|Any CPU.ActiveCfg = Release|Any CPU
		{128D4166-C048-4C32-AA51-376FE51CFC3D}.ReleaseLocal|Any CPU.Build.0 = Release|Any CPU
		{128D4166-C048-4C32-AA51-376FE51CFC3D}.ReleaseLocal|x64.ActiveCfg = Release|x64
		{128D4166-C048-4C32-AA51-376FE51CFC3D}.ReleaseLocal|x64.Build.0 = Release|x64
		{128D4166-C048-4C32-AA51-376FE51CFC3D}.ReleaseLocal|x86.ActiveCfg = Release|Any CPU
		{128D4166-C048-4C32-AA51-376FE51CFC3D}.ReleaseLocal|x86.Build.0 = Release|Any CPU
		{8FF8B90D-3611-48E3-9355-E0B776E882B1}.Debug|Any CPU.ActiveCfg = Debug|Any CPU
		{8FF8B90D-3611-48E3-9355-E0B776E882B1}.Debug|Any CPU.Build.0 = Debug|Any CPU
		{8FF8B90D-3611-48E3-9355-E0B776E882B1}.Debug|x64.ActiveCfg = Debug|x64
		{8FF8B90D-3611-48E3-9355-E0B776E882B1}.Debug|x64.Build.0 = Debug|x64
		{8FF8B90D-3611-48E3-9355-E0B776E882B1}.Debug|x86.ActiveCfg = Debug|Any CPU
		{8FF8B90D-3611-48E3-9355-E0B776E882B1}.Debug|x86.Build.0 = Debug|Any CPU
		{8FF8B90D-3611-48E3-9355-E0B776E882B1}.Release|Any CPU.ActiveCfg = Release|Any CPU
		{8FF8B90D-3611-48E3-9355-E0B776E882B1}.Release|Any CPU.Build.0 = Release|Any CPU
		{8FF8B90D-3611-48E3-9355-E0B776E882B1}.Release|x64.ActiveCfg = Release|x64
		{8FF8B90D-3611-48E3-9355-E0B776E882B1}.Release|x64.Build.0 = Release|x64
		{8FF8B90D-3611-48E3-9355-E0B776E882B1}.Release|x86.ActiveCfg = Release|Any CPU
		{8FF8B90D-3611-48E3-9355-E0B776E882B1}.Release|x86.Build.0 = Release|Any CPU
		{8FF8B90D-3611-48E3-9355-E0B776E882B1}.ReleaseLocal|Any CPU.ActiveCfg = Release|Any CPU
		{8FF8B90D-3611-48E3-9355-E0B776E882B1}.ReleaseLocal|Any CPU.Build.0 = Release|Any CPU
		{8FF8B90D-3611-48E3-9355-E0B776E882B1}.ReleaseLocal|x64.ActiveCfg = Release|x64
		{8FF8B90D-3611-48E3-9355-E0B776E882B1}.ReleaseLocal|x64.Build.0 = Release|x64
		{8FF8B90D-3611-48E3-9355-E0B776E882B1}.ReleaseLocal|x86.ActiveCfg = Release|Any CPU
		{8FF8B90D-3611-48E3-9355-E0B776E882B1}.ReleaseLocal|x86.Build.0 = Release|Any CPU
		{267BDC6C-00BB-457C-8097-8ED6D4761122}.Debug|Any CPU.ActiveCfg = Debug|Any CPU
		{267BDC6C-00BB-457C-8097-8ED6D4761122}.Debug|Any CPU.Build.0 = Debug|Any CPU
		{267BDC6C-00BB-457C-8097-8ED6D4761122}.Debug|x64.ActiveCfg = Debug|x64
		{267BDC6C-00BB-457C-8097-8ED6D4761122}.Debug|x64.Build.0 = Debug|x64
		{267BDC6C-00BB-457C-8097-8ED6D4761122}.Debug|x86.ActiveCfg = Debug|Any CPU
		{267BDC6C-00BB-457C-8097-8ED6D4761122}.Debug|x86.Build.0 = Debug|Any CPU
		{267BDC6C-00BB-457C-8097-8ED6D4761122}.Release|Any CPU.ActiveCfg = Release|Any CPU
		{267BDC6C-00BB-457C-8097-8ED6D4761122}.Release|Any CPU.Build.0 = Release|Any CPU
		{267BDC6C-00BB-457C-8097-8ED6D4761122}.Release|x64.ActiveCfg = Release|x64
		{267BDC6C-00BB-457C-8097-8ED6D4761122}.Release|x64.Build.0 = Release|x64
		{267BDC6C-00BB-457C-8097-8ED6D4761122}.Release|x86.ActiveCfg = Release|Any CPU
		{267BDC6C-00BB-457C-8097-8ED6D4761122}.Release|x86.Build.0 = Release|Any CPU
		{267BDC6C-00BB-457C-8097-8ED6D4761122}.ReleaseLocal|Any CPU.ActiveCfg = Release|Any CPU
		{267BDC6C-00BB-457C-8097-8ED6D4761122}.ReleaseLocal|Any CPU.Build.0 = Release|Any CPU
		{267BDC6C-00BB-457C-8097-8ED6D4761122}.ReleaseLocal|x64.ActiveCfg = Release|x64
		{267BDC6C-00BB-457C-8097-8ED6D4761122}.ReleaseLocal|x64.Build.0 = Release|x64
		{267BDC6C-00BB-457C-8097-8ED6D4761122}.ReleaseLocal|x86.ActiveCfg = Release|Any CPU
		{267BDC6C-00BB-457C-8097-8ED6D4761122}.ReleaseLocal|x86.Build.0 = Release|Any CPU
		{3D880D46-B3B9-4714-93A1-A1FA8EA8D36D}.Debug|Any CPU.ActiveCfg = Debug|Any CPU
		{3D880D46-B3B9-4714-93A1-A1FA8EA8D36D}.Debug|Any CPU.Build.0 = Debug|Any CPU
		{3D880D46-B3B9-4714-93A1-A1FA8EA8D36D}.Debug|x64.ActiveCfg = Debug|x64
		{3D880D46-B3B9-4714-93A1-A1FA8EA8D36D}.Debug|x64.Build.0 = Debug|x64
		{3D880D46-B3B9-4714-93A1-A1FA8EA8D36D}.Debug|x86.ActiveCfg = Debug|Any CPU
		{3D880D46-B3B9-4714-93A1-A1FA8EA8D36D}.Debug|x86.Build.0 = Debug|Any CPU
		{3D880D46-B3B9-4714-93A1-A1FA8EA8D36D}.Release|Any CPU.ActiveCfg = Release|Any CPU
		{3D880D46-B3B9-4714-93A1-A1FA8EA8D36D}.Release|Any CPU.Build.0 = Release|Any CPU
		{3D880D46-B3B9-4714-93A1-A1FA8EA8D36D}.Release|x64.ActiveCfg = Release|x64
		{3D880D46-B3B9-4714-93A1-A1FA8EA8D36D}.Release|x64.Build.0 = Release|x64
		{3D880D46-B3B9-4714-93A1-A1FA8EA8D36D}.Release|x86.ActiveCfg = Release|Any CPU
		{3D880D46-B3B9-4714-93A1-A1FA8EA8D36D}.Release|x86.Build.0 = Release|Any CPU
		{3D880D46-B3B9-4714-93A1-A1FA8EA8D36D}.ReleaseLocal|Any CPU.ActiveCfg = Release|Any CPU
		{3D880D46-B3B9-4714-93A1-A1FA8EA8D36D}.ReleaseLocal|Any CPU.Build.0 = Release|Any CPU
		{3D880D46-B3B9-4714-93A1-A1FA8EA8D36D}.ReleaseLocal|x64.ActiveCfg = Release|x64
		{3D880D46-B3B9-4714-93A1-A1FA8EA8D36D}.ReleaseLocal|x64.Build.0 = Release|x64
		{3D880D46-B3B9-4714-93A1-A1FA8EA8D36D}.ReleaseLocal|x86.ActiveCfg = Release|Any CPU
		{3D880D46-B3B9-4714-93A1-A1FA8EA8D36D}.ReleaseLocal|x86.Build.0 = Release|Any CPU
		{5F8E2F32-409E-4A88-B7B8-787601642792}.Debug|Any CPU.ActiveCfg = Debug|Any CPU
		{5F8E2F32-409E-4A88-B7B8-787601642792}.Debug|Any CPU.Build.0 = Debug|Any CPU
		{5F8E2F32-409E-4A88-B7B8-787601642792}.Debug|x64.ActiveCfg = Debug|x64
		{5F8E2F32-409E-4A88-B7B8-787601642792}.Debug|x64.Build.0 = Debug|x64
		{5F8E2F32-409E-4A88-B7B8-787601642792}.Debug|x86.ActiveCfg = Debug|Any CPU
		{5F8E2F32-409E-4A88-B7B8-787601642792}.Debug|x86.Build.0 = Debug|Any CPU
		{5F8E2F32-409E-4A88-B7B8-787601642792}.Release|Any CPU.ActiveCfg = Release|Any CPU
		{5F8E2F32-409E-4A88-B7B8-787601642792}.Release|Any CPU.Build.0 = Release|Any CPU
		{5F8E2F32-409E-4A88-B7B8-787601642792}.Release|x64.ActiveCfg = Release|Any CPU
		{5F8E2F32-409E-4A88-B7B8-787601642792}.Release|x64.Build.0 = Release|Any CPU
		{5F8E2F32-409E-4A88-B7B8-787601642792}.Release|x86.ActiveCfg = Release|Any CPU
		{5F8E2F32-409E-4A88-B7B8-787601642792}.Release|x86.Build.0 = Release|Any CPU
		{5F8E2F32-409E-4A88-B7B8-787601642792}.ReleaseLocal|Any CPU.ActiveCfg = Release|Any CPU
		{5F8E2F32-409E-4A88-B7B8-787601642792}.ReleaseLocal|Any CPU.Build.0 = Release|Any CPU
		{5F8E2F32-409E-4A88-B7B8-787601642792}.ReleaseLocal|x64.ActiveCfg = Release|Any CPU
		{5F8E2F32-409E-4A88-B7B8-787601642792}.ReleaseLocal|x64.Build.0 = Release|Any CPU
		{5F8E2F32-409E-4A88-B7B8-787601642792}.ReleaseLocal|x86.ActiveCfg = Release|Any CPU
		{5F8E2F32-409E-4A88-B7B8-787601642792}.ReleaseLocal|x86.Build.0 = Release|Any CPU
		{4EDC4222-B269-4959-B742-FC043E265950}.Debug|Any CPU.ActiveCfg = Debug|Any CPU
		{4EDC4222-B269-4959-B742-FC043E265950}.Debug|Any CPU.Build.0 = Debug|Any CPU
		{4EDC4222-B269-4959-B742-FC043E265950}.Debug|x64.ActiveCfg = Debug|x64
		{4EDC4222-B269-4959-B742-FC043E265950}.Debug|x64.Build.0 = Debug|x64
		{4EDC4222-B269-4959-B742-FC043E265950}.Debug|x86.ActiveCfg = Debug|Any CPU
		{4EDC4222-B269-4959-B742-FC043E265950}.Debug|x86.Build.0 = Debug|Any CPU
		{4EDC4222-B269-4959-B742-FC043E265950}.Release|Any CPU.ActiveCfg = Release|Any CPU
		{4EDC4222-B269-4959-B742-FC043E265950}.Release|Any CPU.Build.0 = Release|Any CPU
		{4EDC4222-B269-4959-B742-FC043E265950}.Release|x64.ActiveCfg = Release|x64
		{4EDC4222-B269-4959-B742-FC043E265950}.Release|x64.Build.0 = Release|x64
		{4EDC4222-B269-4959-B742-FC043E265950}.Release|x86.ActiveCfg = Release|Any CPU
		{4EDC4222-B269-4959-B742-FC043E265950}.Release|x86.Build.0 = Release|Any CPU
		{4EDC4222-B269-4959-B742-FC043E265950}.ReleaseLocal|Any CPU.ActiveCfg = Release|Any CPU
		{4EDC4222-B269-4959-B742-FC043E265950}.ReleaseLocal|Any CPU.Build.0 = Release|Any CPU
		{4EDC4222-B269-4959-B742-FC043E265950}.ReleaseLocal|x64.ActiveCfg = Release|x64
		{4EDC4222-B269-4959-B742-FC043E265950}.ReleaseLocal|x64.Build.0 = Release|x64
		{4EDC4222-B269-4959-B742-FC043E265950}.ReleaseLocal|x86.ActiveCfg = Release|Any CPU
		{4EDC4222-B269-4959-B742-FC043E265950}.ReleaseLocal|x86.Build.0 = Release|Any CPU
		{F5AA1DCC-FD2E-4039-9326-B28E86A97D66}.Debug|Any CPU.ActiveCfg = Debug|Any CPU
		{F5AA1DCC-FD2E-4039-9326-B28E86A97D66}.Debug|Any CPU.Build.0 = Debug|Any CPU
		{F5AA1DCC-FD2E-4039-9326-B28E86A97D66}.Debug|x64.ActiveCfg = Debug|x64
		{F5AA1DCC-FD2E-4039-9326-B28E86A97D66}.Debug|x64.Build.0 = Debug|x64
		{F5AA1DCC-FD2E-4039-9326-B28E86A97D66}.Debug|x86.ActiveCfg = Debug|Any CPU
		{F5AA1DCC-FD2E-4039-9326-B28E86A97D66}.Debug|x86.Build.0 = Debug|Any CPU
		{F5AA1DCC-FD2E-4039-9326-B28E86A97D66}.Release|Any CPU.ActiveCfg = Release|Any CPU
		{F5AA1DCC-FD2E-4039-9326-B28E86A97D66}.Release|Any CPU.Build.0 = Release|Any CPU
		{F5AA1DCC-FD2E-4039-9326-B28E86A97D66}.Release|x64.ActiveCfg = Release|x64
		{F5AA1DCC-FD2E-4039-9326-B28E86A97D66}.Release|x64.Build.0 = Release|x64
		{F5AA1DCC-FD2E-4039-9326-B28E86A97D66}.Release|x86.ActiveCfg = Release|Any CPU
		{F5AA1DCC-FD2E-4039-9326-B28E86A97D66}.Release|x86.Build.0 = Release|Any CPU
		{F5AA1DCC-FD2E-4039-9326-B28E86A97D66}.ReleaseLocal|Any CPU.ActiveCfg = Release|Any CPU
		{F5AA1DCC-FD2E-4039-9326-B28E86A97D66}.ReleaseLocal|Any CPU.Build.0 = Release|Any CPU
		{F5AA1DCC-FD2E-4039-9326-B28E86A97D66}.ReleaseLocal|x64.ActiveCfg = Release|x64
		{F5AA1DCC-FD2E-4039-9326-B28E86A97D66}.ReleaseLocal|x64.Build.0 = Release|x64
		{F5AA1DCC-FD2E-4039-9326-B28E86A97D66}.ReleaseLocal|x86.ActiveCfg = Release|Any CPU
		{F5AA1DCC-FD2E-4039-9326-B28E86A97D66}.ReleaseLocal|x86.Build.0 = Release|Any CPU
		{B1DA1CB1-D9D0-4CEA-A2D9-865FAB6A0E1B}.Debug|Any CPU.ActiveCfg = Debug|Any CPU
		{B1DA1CB1-D9D0-4CEA-A2D9-865FAB6A0E1B}.Debug|Any CPU.Build.0 = Debug|Any CPU
		{B1DA1CB1-D9D0-4CEA-A2D9-865FAB6A0E1B}.Debug|x64.ActiveCfg = Debug|x64
		{B1DA1CB1-D9D0-4CEA-A2D9-865FAB6A0E1B}.Debug|x64.Build.0 = Debug|x64
		{B1DA1CB1-D9D0-4CEA-A2D9-865FAB6A0E1B}.Debug|x86.ActiveCfg = Debug|Any CPU
		{B1DA1CB1-D9D0-4CEA-A2D9-865FAB6A0E1B}.Debug|x86.Build.0 = Debug|Any CPU
		{B1DA1CB1-D9D0-4CEA-A2D9-865FAB6A0E1B}.Release|Any CPU.ActiveCfg = Release|Any CPU
		{B1DA1CB1-D9D0-4CEA-A2D9-865FAB6A0E1B}.Release|Any CPU.Build.0 = Release|Any CPU
		{B1DA1CB1-D9D0-4CEA-A2D9-865FAB6A0E1B}.Release|x64.ActiveCfg = Release|x64
		{B1DA1CB1-D9D0-4CEA-A2D9-865FAB6A0E1B}.Release|x64.Build.0 = Release|x64
		{B1DA1CB1-D9D0-4CEA-A2D9-865FAB6A0E1B}.Release|x86.ActiveCfg = Release|Any CPU
		{B1DA1CB1-D9D0-4CEA-A2D9-865FAB6A0E1B}.Release|x86.Build.0 = Release|Any CPU
		{B1DA1CB1-D9D0-4CEA-A2D9-865FAB6A0E1B}.ReleaseLocal|Any CPU.ActiveCfg = Release|Any CPU
		{B1DA1CB1-D9D0-4CEA-A2D9-865FAB6A0E1B}.ReleaseLocal|Any CPU.Build.0 = Release|Any CPU
		{B1DA1CB1-D9D0-4CEA-A2D9-865FAB6A0E1B}.ReleaseLocal|x64.ActiveCfg = Release|x64
		{B1DA1CB1-D9D0-4CEA-A2D9-865FAB6A0E1B}.ReleaseLocal|x64.Build.0 = Release|x64
		{B1DA1CB1-D9D0-4CEA-A2D9-865FAB6A0E1B}.ReleaseLocal|x86.ActiveCfg = Release|Any CPU
		{B1DA1CB1-D9D0-4CEA-A2D9-865FAB6A0E1B}.ReleaseLocal|x86.Build.0 = Release|Any CPU
		{72EDFC1D-FD1D-4896-A339-72DA02A6920C}.Debug|Any CPU.ActiveCfg = Debug|Any CPU
		{72EDFC1D-FD1D-4896-A339-72DA02A6920C}.Debug|Any CPU.Build.0 = Debug|Any CPU
		{72EDFC1D-FD1D-4896-A339-72DA02A6920C}.Debug|x64.ActiveCfg = Debug|x64
		{72EDFC1D-FD1D-4896-A339-72DA02A6920C}.Debug|x64.Build.0 = Debug|x64
		{72EDFC1D-FD1D-4896-A339-72DA02A6920C}.Debug|x86.ActiveCfg = Debug|Any CPU
		{72EDFC1D-FD1D-4896-A339-72DA02A6920C}.Debug|x86.Build.0 = Debug|Any CPU
		{72EDFC1D-FD1D-4896-A339-72DA02A6920C}.Release|Any CPU.ActiveCfg = Release|Any CPU
		{72EDFC1D-FD1D-4896-A339-72DA02A6920C}.Release|Any CPU.Build.0 = Release|Any CPU
		{72EDFC1D-FD1D-4896-A339-72DA02A6920C}.Release|x64.ActiveCfg = Release|x64
		{72EDFC1D-FD1D-4896-A339-72DA02A6920C}.Release|x64.Build.0 = Release|x64
		{72EDFC1D-FD1D-4896-A339-72DA02A6920C}.Release|x86.ActiveCfg = Release|Any CPU
		{72EDFC1D-FD1D-4896-A339-72DA02A6920C}.Release|x86.Build.0 = Release|Any CPU
		{72EDFC1D-FD1D-4896-A339-72DA02A6920C}.ReleaseLocal|Any CPU.ActiveCfg = Release|Any CPU
		{72EDFC1D-FD1D-4896-A339-72DA02A6920C}.ReleaseLocal|Any CPU.Build.0 = Release|Any CPU
		{72EDFC1D-FD1D-4896-A339-72DA02A6920C}.ReleaseLocal|x64.ActiveCfg = Release|x64
		{72EDFC1D-FD1D-4896-A339-72DA02A6920C}.ReleaseLocal|x64.Build.0 = Release|x64
		{72EDFC1D-FD1D-4896-A339-72DA02A6920C}.ReleaseLocal|x86.ActiveCfg = Release|Any CPU
		{72EDFC1D-FD1D-4896-A339-72DA02A6920C}.ReleaseLocal|x86.Build.0 = Release|Any CPU
		{A0AFF01C-20BE-4D61-8DFB-D97641162932}.Debug|Any CPU.ActiveCfg = Debug|Any CPU
		{A0AFF01C-20BE-4D61-8DFB-D97641162932}.Debug|Any CPU.Build.0 = Debug|Any CPU
		{A0AFF01C-20BE-4D61-8DFB-D97641162932}.Debug|x64.ActiveCfg = Debug|x64
		{A0AFF01C-20BE-4D61-8DFB-D97641162932}.Debug|x64.Build.0 = Debug|x64
		{A0AFF01C-20BE-4D61-8DFB-D97641162932}.Debug|x86.ActiveCfg = Debug|Any CPU
		{A0AFF01C-20BE-4D61-8DFB-D97641162932}.Debug|x86.Build.0 = Debug|Any CPU
		{A0AFF01C-20BE-4D61-8DFB-D97641162932}.Release|Any CPU.ActiveCfg = Release|Any CPU
		{A0AFF01C-20BE-4D61-8DFB-D97641162932}.Release|Any CPU.Build.0 = Release|Any CPU
		{A0AFF01C-20BE-4D61-8DFB-D97641162932}.Release|x64.ActiveCfg = Release|x64
		{A0AFF01C-20BE-4D61-8DFB-D97641162932}.Release|x64.Build.0 = Release|x64
		{A0AFF01C-20BE-4D61-8DFB-D97641162932}.Release|x86.ActiveCfg = Release|Any CPU
		{A0AFF01C-20BE-4D61-8DFB-D97641162932}.Release|x86.Build.0 = Release|Any CPU
		{A0AFF01C-20BE-4D61-8DFB-D97641162932}.ReleaseLocal|Any CPU.ActiveCfg = Release|Any CPU
		{A0AFF01C-20BE-4D61-8DFB-D97641162932}.ReleaseLocal|Any CPU.Build.0 = Release|Any CPU
		{A0AFF01C-20BE-4D61-8DFB-D97641162932}.ReleaseLocal|x64.ActiveCfg = Release|x64
		{A0AFF01C-20BE-4D61-8DFB-D97641162932}.ReleaseLocal|x64.Build.0 = Release|x64
		{A0AFF01C-20BE-4D61-8DFB-D97641162932}.ReleaseLocal|x86.ActiveCfg = Release|Any CPU
		{A0AFF01C-20BE-4D61-8DFB-D97641162932}.ReleaseLocal|x86.Build.0 = Release|Any CPU
		{CFEFA50A-B335-41B7-B5F0-ADAE7DD15894}.Debug|Any CPU.ActiveCfg = Debug|Any CPU
		{CFEFA50A-B335-41B7-B5F0-ADAE7DD15894}.Debug|Any CPU.Build.0 = Debug|Any CPU
		{CFEFA50A-B335-41B7-B5F0-ADAE7DD15894}.Debug|x64.ActiveCfg = Debug|x64
		{CFEFA50A-B335-41B7-B5F0-ADAE7DD15894}.Debug|x64.Build.0 = Debug|x64
		{CFEFA50A-B335-41B7-B5F0-ADAE7DD15894}.Debug|x86.ActiveCfg = Debug|Any CPU
		{CFEFA50A-B335-41B7-B5F0-ADAE7DD15894}.Debug|x86.Build.0 = Debug|Any CPU
		{CFEFA50A-B335-41B7-B5F0-ADAE7DD15894}.Release|Any CPU.ActiveCfg = Release|Any CPU
		{CFEFA50A-B335-41B7-B5F0-ADAE7DD15894}.Release|Any CPU.Build.0 = Release|Any CPU
		{CFEFA50A-B335-41B7-B5F0-ADAE7DD15894}.Release|x64.ActiveCfg = Release|x64
		{CFEFA50A-B335-41B7-B5F0-ADAE7DD15894}.Release|x64.Build.0 = Release|x64
		{CFEFA50A-B335-41B7-B5F0-ADAE7DD15894}.Release|x86.ActiveCfg = Release|Any CPU
		{CFEFA50A-B335-41B7-B5F0-ADAE7DD15894}.Release|x86.Build.0 = Release|Any CPU
		{CFEFA50A-B335-41B7-B5F0-ADAE7DD15894}.ReleaseLocal|Any CPU.ActiveCfg = Release|Any CPU
		{CFEFA50A-B335-41B7-B5F0-ADAE7DD15894}.ReleaseLocal|Any CPU.Build.0 = Release|Any CPU
		{CFEFA50A-B335-41B7-B5F0-ADAE7DD15894}.ReleaseLocal|x64.ActiveCfg = Release|x64
		{CFEFA50A-B335-41B7-B5F0-ADAE7DD15894}.ReleaseLocal|x64.Build.0 = Release|x64
		{CFEFA50A-B335-41B7-B5F0-ADAE7DD15894}.ReleaseLocal|x86.ActiveCfg = Release|Any CPU
		{CFEFA50A-B335-41B7-B5F0-ADAE7DD15894}.ReleaseLocal|x86.Build.0 = Release|Any CPU
		{6EEB284B-1BA3-4CEC-975C-752D32A3BC19}.Debug|Any CPU.ActiveCfg = Debug|Any CPU
		{6EEB284B-1BA3-4CEC-975C-752D32A3BC19}.Debug|Any CPU.Build.0 = Debug|Any CPU
		{6EEB284B-1BA3-4CEC-975C-752D32A3BC19}.Debug|x64.ActiveCfg = Debug|x64
		{6EEB284B-1BA3-4CEC-975C-752D32A3BC19}.Debug|x64.Build.0 = Debug|x64
		{6EEB284B-1BA3-4CEC-975C-752D32A3BC19}.Debug|x86.ActiveCfg = Debug|Any CPU
		{6EEB284B-1BA3-4CEC-975C-752D32A3BC19}.Debug|x86.Build.0 = Debug|Any CPU
		{6EEB284B-1BA3-4CEC-975C-752D32A3BC19}.Release|Any CPU.ActiveCfg = Release|Any CPU
		{6EEB284B-1BA3-4CEC-975C-752D32A3BC19}.Release|Any CPU.Build.0 = Release|Any CPU
		{6EEB284B-1BA3-4CEC-975C-752D32A3BC19}.Release|x64.ActiveCfg = Release|x64
		{6EEB284B-1BA3-4CEC-975C-752D32A3BC19}.Release|x64.Build.0 = Release|x64
		{6EEB284B-1BA3-4CEC-975C-752D32A3BC19}.Release|x86.ActiveCfg = Release|Any CPU
		{6EEB284B-1BA3-4CEC-975C-752D32A3BC19}.Release|x86.Build.0 = Release|Any CPU
		{6EEB284B-1BA3-4CEC-975C-752D32A3BC19}.ReleaseLocal|Any CPU.ActiveCfg = Release|Any CPU
		{6EEB284B-1BA3-4CEC-975C-752D32A3BC19}.ReleaseLocal|Any CPU.Build.0 = Release|Any CPU
		{6EEB284B-1BA3-4CEC-975C-752D32A3BC19}.ReleaseLocal|x64.ActiveCfg = Release|x64
		{6EEB284B-1BA3-4CEC-975C-752D32A3BC19}.ReleaseLocal|x64.Build.0 = Release|x64
		{6EEB284B-1BA3-4CEC-975C-752D32A3BC19}.ReleaseLocal|x86.ActiveCfg = Release|Any CPU
		{6EEB284B-1BA3-4CEC-975C-752D32A3BC19}.ReleaseLocal|x86.Build.0 = Release|Any CPU
		{EF5143DE-6828-433C-8B5B-5148CD82E7DD}.Debug|Any CPU.ActiveCfg = Debug|Any CPU
		{EF5143DE-6828-433C-8B5B-5148CD82E7DD}.Debug|Any CPU.Build.0 = Debug|Any CPU
		{EF5143DE-6828-433C-8B5B-5148CD82E7DD}.Debug|x64.ActiveCfg = Debug|Any CPU
		{EF5143DE-6828-433C-8B5B-5148CD82E7DD}.Debug|x64.Build.0 = Debug|Any CPU
		{EF5143DE-6828-433C-8B5B-5148CD82E7DD}.Debug|x86.ActiveCfg = Debug|Any CPU
		{EF5143DE-6828-433C-8B5B-5148CD82E7DD}.Debug|x86.Build.0 = Debug|Any CPU
		{EF5143DE-6828-433C-8B5B-5148CD82E7DD}.Release|Any CPU.ActiveCfg = Release|Any CPU
		{EF5143DE-6828-433C-8B5B-5148CD82E7DD}.Release|Any CPU.Build.0 = Release|Any CPU
		{EF5143DE-6828-433C-8B5B-5148CD82E7DD}.Release|x64.ActiveCfg = Release|Any CPU
		{EF5143DE-6828-433C-8B5B-5148CD82E7DD}.Release|x64.Build.0 = Release|Any CPU
		{EF5143DE-6828-433C-8B5B-5148CD82E7DD}.Release|x86.ActiveCfg = Release|Any CPU
		{EF5143DE-6828-433C-8B5B-5148CD82E7DD}.Release|x86.Build.0 = Release|Any CPU
		{EF5143DE-6828-433C-8B5B-5148CD82E7DD}.ReleaseLocal|Any CPU.ActiveCfg = Release|Any CPU
		{EF5143DE-6828-433C-8B5B-5148CD82E7DD}.ReleaseLocal|Any CPU.Build.0 = Release|Any CPU
		{EF5143DE-6828-433C-8B5B-5148CD82E7DD}.ReleaseLocal|x64.ActiveCfg = Release|Any CPU
		{EF5143DE-6828-433C-8B5B-5148CD82E7DD}.ReleaseLocal|x64.Build.0 = Release|Any CPU
		{EF5143DE-6828-433C-8B5B-5148CD82E7DD}.ReleaseLocal|x86.ActiveCfg = Release|Any CPU
		{EF5143DE-6828-433C-8B5B-5148CD82E7DD}.ReleaseLocal|x86.Build.0 = Release|Any CPU
		{526A8792-CCCD-41AF-931A-B594CADFF229}.Debug|Any CPU.ActiveCfg = Debug|Any CPU
		{526A8792-CCCD-41AF-931A-B594CADFF229}.Debug|Any CPU.Build.0 = Debug|Any CPU
		{526A8792-CCCD-41AF-931A-B594CADFF229}.Debug|x64.ActiveCfg = Debug|x64
		{526A8792-CCCD-41AF-931A-B594CADFF229}.Debug|x64.Build.0 = Debug|x64
		{526A8792-CCCD-41AF-931A-B594CADFF229}.Debug|x86.ActiveCfg = Debug|Any CPU
		{526A8792-CCCD-41AF-931A-B594CADFF229}.Debug|x86.Build.0 = Debug|Any CPU
		{526A8792-CCCD-41AF-931A-B594CADFF229}.Release|Any CPU.ActiveCfg = Release|Any CPU
		{526A8792-CCCD-41AF-931A-B594CADFF229}.Release|Any CPU.Build.0 = Release|Any CPU
		{526A8792-CCCD-41AF-931A-B594CADFF229}.Release|x64.ActiveCfg = Release|x64
		{526A8792-CCCD-41AF-931A-B594CADFF229}.Release|x64.Build.0 = Release|x64
		{526A8792-CCCD-41AF-931A-B594CADFF229}.Release|x86.ActiveCfg = Release|Any CPU
		{526A8792-CCCD-41AF-931A-B594CADFF229}.Release|x86.Build.0 = Release|Any CPU
		{526A8792-CCCD-41AF-931A-B594CADFF229}.ReleaseLocal|Any CPU.ActiveCfg = Release|Any CPU
		{526A8792-CCCD-41AF-931A-B594CADFF229}.ReleaseLocal|Any CPU.Build.0 = Release|Any CPU
		{526A8792-CCCD-41AF-931A-B594CADFF229}.ReleaseLocal|x64.ActiveCfg = Release|x64
		{526A8792-CCCD-41AF-931A-B594CADFF229}.ReleaseLocal|x64.Build.0 = Release|x64
		{526A8792-CCCD-41AF-931A-B594CADFF229}.ReleaseLocal|x86.ActiveCfg = Release|Any CPU
		{526A8792-CCCD-41AF-931A-B594CADFF229}.ReleaseLocal|x86.Build.0 = Release|Any CPU
		{9B044557-FB88-4405-830C-FE8105860DF2}.Debug|Any CPU.ActiveCfg = Debug|Any CPU
		{9B044557-FB88-4405-830C-FE8105860DF2}.Debug|Any CPU.Build.0 = Debug|Any CPU
		{9B044557-FB88-4405-830C-FE8105860DF2}.Debug|x64.ActiveCfg = Debug|Any CPU
		{9B044557-FB88-4405-830C-FE8105860DF2}.Debug|x64.Build.0 = Debug|Any CPU
		{9B044557-FB88-4405-830C-FE8105860DF2}.Debug|x86.ActiveCfg = Debug|Any CPU
		{9B044557-FB88-4405-830C-FE8105860DF2}.Debug|x86.Build.0 = Debug|Any CPU
		{9B044557-FB88-4405-830C-FE8105860DF2}.Release|Any CPU.ActiveCfg = Release|Any CPU
		{9B044557-FB88-4405-830C-FE8105860DF2}.Release|Any CPU.Build.0 = Release|Any CPU
		{9B044557-FB88-4405-830C-FE8105860DF2}.Release|x64.ActiveCfg = Release|Any CPU
		{9B044557-FB88-4405-830C-FE8105860DF2}.Release|x64.Build.0 = Release|Any CPU
		{9B044557-FB88-4405-830C-FE8105860DF2}.Release|x86.ActiveCfg = Release|Any CPU
		{9B044557-FB88-4405-830C-FE8105860DF2}.Release|x86.Build.0 = Release|Any CPU
		{9B044557-FB88-4405-830C-FE8105860DF2}.ReleaseLocal|Any CPU.ActiveCfg = Release|Any CPU
		{9B044557-FB88-4405-830C-FE8105860DF2}.ReleaseLocal|Any CPU.Build.0 = Release|Any CPU
		{9B044557-FB88-4405-830C-FE8105860DF2}.ReleaseLocal|x64.ActiveCfg = Release|Any CPU
		{9B044557-FB88-4405-830C-FE8105860DF2}.ReleaseLocal|x64.Build.0 = Release|Any CPU
		{9B044557-FB88-4405-830C-FE8105860DF2}.ReleaseLocal|x86.ActiveCfg = Release|Any CPU
		{9B044557-FB88-4405-830C-FE8105860DF2}.ReleaseLocal|x86.Build.0 = Release|Any CPU
		{CB53DD6B-B0D7-4247-95A9-004082A183FE}.Debug|Any CPU.ActiveCfg = Debug|Any CPU
		{CB53DD6B-B0D7-4247-95A9-004082A183FE}.Debug|Any CPU.Build.0 = Debug|Any CPU
		{CB53DD6B-B0D7-4247-95A9-004082A183FE}.Debug|x64.ActiveCfg = Debug|Any CPU
		{CB53DD6B-B0D7-4247-95A9-004082A183FE}.Debug|x64.Build.0 = Debug|Any CPU
		{CB53DD6B-B0D7-4247-95A9-004082A183FE}.Debug|x86.ActiveCfg = Debug|Any CPU
		{CB53DD6B-B0D7-4247-95A9-004082A183FE}.Debug|x86.Build.0 = Debug|Any CPU
		{CB53DD6B-B0D7-4247-95A9-004082A183FE}.Release|Any CPU.ActiveCfg = Release|Any CPU
		{CB53DD6B-B0D7-4247-95A9-004082A183FE}.Release|Any CPU.Build.0 = Release|Any CPU
		{CB53DD6B-B0D7-4247-95A9-004082A183FE}.Release|x64.ActiveCfg = Release|Any CPU
		{CB53DD6B-B0D7-4247-95A9-004082A183FE}.Release|x64.Build.0 = Release|Any CPU
		{CB53DD6B-B0D7-4247-95A9-004082A183FE}.Release|x86.ActiveCfg = Release|Any CPU
		{CB53DD6B-B0D7-4247-95A9-004082A183FE}.Release|x86.Build.0 = Release|Any CPU
		{CB53DD6B-B0D7-4247-95A9-004082A183FE}.ReleaseLocal|Any CPU.ActiveCfg = Release|Any CPU
		{CB53DD6B-B0D7-4247-95A9-004082A183FE}.ReleaseLocal|Any CPU.Build.0 = Release|Any CPU
		{CB53DD6B-B0D7-4247-95A9-004082A183FE}.ReleaseLocal|x64.ActiveCfg = Release|Any CPU
		{CB53DD6B-B0D7-4247-95A9-004082A183FE}.ReleaseLocal|x64.Build.0 = Release|Any CPU
		{CB53DD6B-B0D7-4247-95A9-004082A183FE}.ReleaseLocal|x86.ActiveCfg = Release|Any CPU
		{CB53DD6B-B0D7-4247-95A9-004082A183FE}.ReleaseLocal|x86.Build.0 = Release|Any CPU
		{F2967EF0-6B44-44B8-B7D2-6E3858F633AD}.Debug|Any CPU.ActiveCfg = Debug|Any CPU
		{F2967EF0-6B44-44B8-B7D2-6E3858F633AD}.Debug|Any CPU.Build.0 = Debug|Any CPU
		{F2967EF0-6B44-44B8-B7D2-6E3858F633AD}.Debug|x64.ActiveCfg = Debug|Any CPU
		{F2967EF0-6B44-44B8-B7D2-6E3858F633AD}.Debug|x64.Build.0 = Debug|Any CPU
		{F2967EF0-6B44-44B8-B7D2-6E3858F633AD}.Debug|x86.ActiveCfg = Debug|Any CPU
		{F2967EF0-6B44-44B8-B7D2-6E3858F633AD}.Debug|x86.Build.0 = Debug|Any CPU
		{F2967EF0-6B44-44B8-B7D2-6E3858F633AD}.Release|Any CPU.ActiveCfg = Release|Any CPU
		{F2967EF0-6B44-44B8-B7D2-6E3858F633AD}.Release|Any CPU.Build.0 = Release|Any CPU
		{F2967EF0-6B44-44B8-B7D2-6E3858F633AD}.Release|x64.ActiveCfg = Release|Any CPU
		{F2967EF0-6B44-44B8-B7D2-6E3858F633AD}.Release|x64.Build.0 = Release|Any CPU
		{F2967EF0-6B44-44B8-B7D2-6E3858F633AD}.Release|x86.ActiveCfg = Release|Any CPU
		{F2967EF0-6B44-44B8-B7D2-6E3858F633AD}.Release|x86.Build.0 = Release|Any CPU
		{F2967EF0-6B44-44B8-B7D2-6E3858F633AD}.ReleaseLocal|Any CPU.ActiveCfg = Release|Any CPU
		{F2967EF0-6B44-44B8-B7D2-6E3858F633AD}.ReleaseLocal|Any CPU.Build.0 = Release|Any CPU
		{F2967EF0-6B44-44B8-B7D2-6E3858F633AD}.ReleaseLocal|x64.ActiveCfg = Release|Any CPU
		{F2967EF0-6B44-44B8-B7D2-6E3858F633AD}.ReleaseLocal|x64.Build.0 = Release|Any CPU
		{F2967EF0-6B44-44B8-B7D2-6E3858F633AD}.ReleaseLocal|x86.ActiveCfg = Release|Any CPU
		{F2967EF0-6B44-44B8-B7D2-6E3858F633AD}.ReleaseLocal|x86.Build.0 = Release|Any CPU
		{D6CD11C2-299C-427E-B555-A3A44932F831}.Debug|Any CPU.ActiveCfg = Debug|Any CPU
		{D6CD11C2-299C-427E-B555-A3A44932F831}.Debug|Any CPU.Build.0 = Debug|Any CPU
		{D6CD11C2-299C-427E-B555-A3A44932F831}.Debug|x64.ActiveCfg = Debug|Any CPU
		{D6CD11C2-299C-427E-B555-A3A44932F831}.Debug|x64.Build.0 = Debug|Any CPU
		{D6CD11C2-299C-427E-B555-A3A44932F831}.Debug|x86.ActiveCfg = Debug|Any CPU
		{D6CD11C2-299C-427E-B555-A3A44932F831}.Debug|x86.Build.0 = Debug|Any CPU
		{D6CD11C2-299C-427E-B555-A3A44932F831}.Release|Any CPU.ActiveCfg = Release|Any CPU
		{D6CD11C2-299C-427E-B555-A3A44932F831}.Release|Any CPU.Build.0 = Release|Any CPU
		{D6CD11C2-299C-427E-B555-A3A44932F831}.Release|x64.ActiveCfg = Release|Any CPU
		{D6CD11C2-299C-427E-B555-A3A44932F831}.Release|x64.Build.0 = Release|Any CPU
		{D6CD11C2-299C-427E-B555-A3A44932F831}.Release|x86.ActiveCfg = Release|Any CPU
		{D6CD11C2-299C-427E-B555-A3A44932F831}.Release|x86.Build.0 = Release|Any CPU
		{D6CD11C2-299C-427E-B555-A3A44932F831}.ReleaseLocal|Any CPU.ActiveCfg = Release|Any CPU
		{D6CD11C2-299C-427E-B555-A3A44932F831}.ReleaseLocal|Any CPU.Build.0 = Release|Any CPU
		{D6CD11C2-299C-427E-B555-A3A44932F831}.ReleaseLocal|x64.ActiveCfg = Release|Any CPU
		{D6CD11C2-299C-427E-B555-A3A44932F831}.ReleaseLocal|x64.Build.0 = Release|Any CPU
		{D6CD11C2-299C-427E-B555-A3A44932F831}.ReleaseLocal|x86.ActiveCfg = Release|Any CPU
		{D6CD11C2-299C-427E-B555-A3A44932F831}.ReleaseLocal|x86.Build.0 = Release|Any CPU
		{84540A71-6C6E-4BCE-B8F2-A879580C5A5B}.Debug|Any CPU.ActiveCfg = Debug|Any CPU
		{84540A71-6C6E-4BCE-B8F2-A879580C5A5B}.Debug|Any CPU.Build.0 = Debug|Any CPU
		{84540A71-6C6E-4BCE-B8F2-A879580C5A5B}.Debug|x64.ActiveCfg = Debug|x64
		{84540A71-6C6E-4BCE-B8F2-A879580C5A5B}.Debug|x64.Build.0 = Debug|x64
		{84540A71-6C6E-4BCE-B8F2-A879580C5A5B}.Debug|x86.ActiveCfg = Debug|Any CPU
		{84540A71-6C6E-4BCE-B8F2-A879580C5A5B}.Debug|x86.Build.0 = Debug|Any CPU
		{84540A71-6C6E-4BCE-B8F2-A879580C5A5B}.Release|Any CPU.ActiveCfg = Release|Any CPU
		{84540A71-6C6E-4BCE-B8F2-A879580C5A5B}.Release|Any CPU.Build.0 = Release|Any CPU
		{84540A71-6C6E-4BCE-B8F2-A879580C5A5B}.Release|x64.ActiveCfg = Release|x64
		{84540A71-6C6E-4BCE-B8F2-A879580C5A5B}.Release|x64.Build.0 = Release|x64
		{84540A71-6C6E-4BCE-B8F2-A879580C5A5B}.Release|x86.ActiveCfg = Release|Any CPU
		{84540A71-6C6E-4BCE-B8F2-A879580C5A5B}.Release|x86.Build.0 = Release|Any CPU
		{84540A71-6C6E-4BCE-B8F2-A879580C5A5B}.ReleaseLocal|Any CPU.ActiveCfg = Release|Any CPU
		{84540A71-6C6E-4BCE-B8F2-A879580C5A5B}.ReleaseLocal|Any CPU.Build.0 = Release|Any CPU
		{84540A71-6C6E-4BCE-B8F2-A879580C5A5B}.ReleaseLocal|x64.ActiveCfg = Release|x64
		{84540A71-6C6E-4BCE-B8F2-A879580C5A5B}.ReleaseLocal|x64.Build.0 = Release|x64
		{84540A71-6C6E-4BCE-B8F2-A879580C5A5B}.ReleaseLocal|x86.ActiveCfg = Release|Any CPU
		{84540A71-6C6E-4BCE-B8F2-A879580C5A5B}.ReleaseLocal|x86.Build.0 = Release|Any CPU
		{3B18D048-50A6-4C58-9569-C2DA8F488066}.Debug|Any CPU.ActiveCfg = Debug|Any CPU
		{3B18D048-50A6-4C58-9569-C2DA8F488066}.Debug|Any CPU.Build.0 = Debug|Any CPU
		{3B18D048-50A6-4C58-9569-C2DA8F488066}.Debug|x64.ActiveCfg = Debug|Any CPU
		{3B18D048-50A6-4C58-9569-C2DA8F488066}.Debug|x64.Build.0 = Debug|Any CPU
		{3B18D048-50A6-4C58-9569-C2DA8F488066}.Debug|x86.ActiveCfg = Debug|Any CPU
		{3B18D048-50A6-4C58-9569-C2DA8F488066}.Debug|x86.Build.0 = Debug|Any CPU
		{3B18D048-50A6-4C58-9569-C2DA8F488066}.Release|Any CPU.ActiveCfg = Release|Any CPU
		{3B18D048-50A6-4C58-9569-C2DA8F488066}.Release|Any CPU.Build.0 = Release|Any CPU
		{3B18D048-50A6-4C58-9569-C2DA8F488066}.Release|x64.ActiveCfg = Release|Any CPU
		{3B18D048-50A6-4C58-9569-C2DA8F488066}.Release|x64.Build.0 = Release|Any CPU
		{3B18D048-50A6-4C58-9569-C2DA8F488066}.Release|x86.ActiveCfg = Release|Any CPU
		{3B18D048-50A6-4C58-9569-C2DA8F488066}.Release|x86.Build.0 = Release|Any CPU
		{3B18D048-50A6-4C58-9569-C2DA8F488066}.ReleaseLocal|Any CPU.ActiveCfg = Release|Any CPU
		{3B18D048-50A6-4C58-9569-C2DA8F488066}.ReleaseLocal|Any CPU.Build.0 = Release|Any CPU
		{3B18D048-50A6-4C58-9569-C2DA8F488066}.ReleaseLocal|x64.ActiveCfg = Release|Any CPU
		{3B18D048-50A6-4C58-9569-C2DA8F488066}.ReleaseLocal|x64.Build.0 = Release|Any CPU
		{3B18D048-50A6-4C58-9569-C2DA8F488066}.ReleaseLocal|x86.ActiveCfg = Release|Any CPU
		{3B18D048-50A6-4C58-9569-C2DA8F488066}.ReleaseLocal|x86.Build.0 = Release|Any CPU
		{7E46AAB2-0645-4B66-B2BF-37E91AC4BF7C}.Debug|Any CPU.ActiveCfg = Debug|Any CPU
		{7E46AAB2-0645-4B66-B2BF-37E91AC4BF7C}.Debug|Any CPU.Build.0 = Debug|Any CPU
		{7E46AAB2-0645-4B66-B2BF-37E91AC4BF7C}.Debug|x64.ActiveCfg = Debug|x64
		{7E46AAB2-0645-4B66-B2BF-37E91AC4BF7C}.Debug|x64.Build.0 = Debug|x64
		{7E46AAB2-0645-4B66-B2BF-37E91AC4BF7C}.Debug|x86.ActiveCfg = Debug|Any CPU
		{7E46AAB2-0645-4B66-B2BF-37E91AC4BF7C}.Debug|x86.Build.0 = Debug|Any CPU
		{7E46AAB2-0645-4B66-B2BF-37E91AC4BF7C}.Release|Any CPU.ActiveCfg = Release|Any CPU
		{7E46AAB2-0645-4B66-B2BF-37E91AC4BF7C}.Release|Any CPU.Build.0 = Release|Any CPU
		{7E46AAB2-0645-4B66-B2BF-37E91AC4BF7C}.Release|x64.ActiveCfg = Release|x64
		{7E46AAB2-0645-4B66-B2BF-37E91AC4BF7C}.Release|x64.Build.0 = Release|x64
		{7E46AAB2-0645-4B66-B2BF-37E91AC4BF7C}.Release|x86.ActiveCfg = Release|Any CPU
		{7E46AAB2-0645-4B66-B2BF-37E91AC4BF7C}.Release|x86.Build.0 = Release|Any CPU
		{7E46AAB2-0645-4B66-B2BF-37E91AC4BF7C}.ReleaseLocal|Any CPU.ActiveCfg = Release|Any CPU
		{7E46AAB2-0645-4B66-B2BF-37E91AC4BF7C}.ReleaseLocal|Any CPU.Build.0 = Release|Any CPU
		{7E46AAB2-0645-4B66-B2BF-37E91AC4BF7C}.ReleaseLocal|x64.ActiveCfg = Release|x64
		{7E46AAB2-0645-4B66-B2BF-37E91AC4BF7C}.ReleaseLocal|x64.Build.0 = Release|x64
		{7E46AAB2-0645-4B66-B2BF-37E91AC4BF7C}.ReleaseLocal|x86.ActiveCfg = Release|Any CPU
		{7E46AAB2-0645-4B66-B2BF-37E91AC4BF7C}.ReleaseLocal|x86.Build.0 = Release|Any CPU
		{474E807E-0122-42E0-A6E9-B9B22EE633BE}.Debug|Any CPU.ActiveCfg = Debug|Any CPU
		{474E807E-0122-42E0-A6E9-B9B22EE633BE}.Debug|Any CPU.Build.0 = Debug|Any CPU
		{474E807E-0122-42E0-A6E9-B9B22EE633BE}.Debug|x64.ActiveCfg = Debug|Any CPU
		{474E807E-0122-42E0-A6E9-B9B22EE633BE}.Debug|x64.Build.0 = Debug|Any CPU
		{474E807E-0122-42E0-A6E9-B9B22EE633BE}.Debug|x86.ActiveCfg = Debug|Any CPU
		{474E807E-0122-42E0-A6E9-B9B22EE633BE}.Debug|x86.Build.0 = Debug|Any CPU
		{474E807E-0122-42E0-A6E9-B9B22EE633BE}.Release|Any CPU.ActiveCfg = Release|Any CPU
		{474E807E-0122-42E0-A6E9-B9B22EE633BE}.Release|Any CPU.Build.0 = Release|Any CPU
		{474E807E-0122-42E0-A6E9-B9B22EE633BE}.Release|x64.ActiveCfg = Release|Any CPU
		{474E807E-0122-42E0-A6E9-B9B22EE633BE}.Release|x64.Build.0 = Release|Any CPU
		{474E807E-0122-42E0-A6E9-B9B22EE633BE}.Release|x86.ActiveCfg = Release|Any CPU
		{474E807E-0122-42E0-A6E9-B9B22EE633BE}.Release|x86.Build.0 = Release|Any CPU
		{474E807E-0122-42E0-A6E9-B9B22EE633BE}.ReleaseLocal|Any CPU.ActiveCfg = Release|Any CPU
		{474E807E-0122-42E0-A6E9-B9B22EE633BE}.ReleaseLocal|Any CPU.Build.0 = Release|Any CPU
		{474E807E-0122-42E0-A6E9-B9B22EE633BE}.ReleaseLocal|x64.ActiveCfg = Release|Any CPU
		{474E807E-0122-42E0-A6E9-B9B22EE633BE}.ReleaseLocal|x64.Build.0 = Release|Any CPU
		{474E807E-0122-42E0-A6E9-B9B22EE633BE}.ReleaseLocal|x86.ActiveCfg = Release|Any CPU
		{474E807E-0122-42E0-A6E9-B9B22EE633BE}.ReleaseLocal|x86.Build.0 = Release|Any CPU
		{5F459AAC-F5C1-4602-8B4F-6CB867AD0348}.Debug|Any CPU.ActiveCfg = Debug|Any CPU
		{5F459AAC-F5C1-4602-8B4F-6CB867AD0348}.Debug|Any CPU.Build.0 = Debug|Any CPU
		{5F459AAC-F5C1-4602-8B4F-6CB867AD0348}.Debug|x64.ActiveCfg = Debug|x64
		{5F459AAC-F5C1-4602-8B4F-6CB867AD0348}.Debug|x64.Build.0 = Debug|x64
		{5F459AAC-F5C1-4602-8B4F-6CB867AD0348}.Debug|x86.ActiveCfg = Debug|x86
		{5F459AAC-F5C1-4602-8B4F-6CB867AD0348}.Debug|x86.Build.0 = Debug|x86
		{5F459AAC-F5C1-4602-8B4F-6CB867AD0348}.Release|Any CPU.ActiveCfg = Release|Any CPU
		{5F459AAC-F5C1-4602-8B4F-6CB867AD0348}.Release|Any CPU.Build.0 = Release|Any CPU
		{5F459AAC-F5C1-4602-8B4F-6CB867AD0348}.Release|x64.ActiveCfg = Release|x64
		{5F459AAC-F5C1-4602-8B4F-6CB867AD0348}.Release|x64.Build.0 = Release|x64
		{5F459AAC-F5C1-4602-8B4F-6CB867AD0348}.Release|x86.ActiveCfg = Release|x86
		{5F459AAC-F5C1-4602-8B4F-6CB867AD0348}.Release|x86.Build.0 = Release|x86
		{5F459AAC-F5C1-4602-8B4F-6CB867AD0348}.ReleaseLocal|Any CPU.ActiveCfg = Release|Any CPU
		{5F459AAC-F5C1-4602-8B4F-6CB867AD0348}.ReleaseLocal|Any CPU.Build.0 = Release|Any CPU
		{5F459AAC-F5C1-4602-8B4F-6CB867AD0348}.ReleaseLocal|x64.ActiveCfg = Release|x64
		{5F459AAC-F5C1-4602-8B4F-6CB867AD0348}.ReleaseLocal|x64.Build.0 = Release|x64
		{5F459AAC-F5C1-4602-8B4F-6CB867AD0348}.ReleaseLocal|x86.ActiveCfg = Release|x86
		{5F459AAC-F5C1-4602-8B4F-6CB867AD0348}.ReleaseLocal|x86.Build.0 = Release|x86
		{37BF6679-185D-44DC-84AE-D93469FE233A}.Debug|Any CPU.ActiveCfg = Debug|Any CPU
		{37BF6679-185D-44DC-84AE-D93469FE233A}.Debug|Any CPU.Build.0 = Debug|Any CPU
		{37BF6679-185D-44DC-84AE-D93469FE233A}.Debug|x64.ActiveCfg = Debug|x64
		{37BF6679-185D-44DC-84AE-D93469FE233A}.Debug|x64.Build.0 = Debug|x64
		{37BF6679-185D-44DC-84AE-D93469FE233A}.Debug|x86.ActiveCfg = Debug|x86
		{37BF6679-185D-44DC-84AE-D93469FE233A}.Debug|x86.Build.0 = Debug|x86
		{37BF6679-185D-44DC-84AE-D93469FE233A}.Release|Any CPU.ActiveCfg = Release|Any CPU
		{37BF6679-185D-44DC-84AE-D93469FE233A}.Release|Any CPU.Build.0 = Release|Any CPU
		{37BF6679-185D-44DC-84AE-D93469FE233A}.Release|x64.ActiveCfg = Release|x64
		{37BF6679-185D-44DC-84AE-D93469FE233A}.Release|x64.Build.0 = Release|x64
		{37BF6679-185D-44DC-84AE-D93469FE233A}.Release|x86.ActiveCfg = Release|x86
		{37BF6679-185D-44DC-84AE-D93469FE233A}.Release|x86.Build.0 = Release|x86
		{37BF6679-185D-44DC-84AE-D93469FE233A}.ReleaseLocal|Any CPU.ActiveCfg = Release|Any CPU
		{37BF6679-185D-44DC-84AE-D93469FE233A}.ReleaseLocal|Any CPU.Build.0 = Release|Any CPU
		{37BF6679-185D-44DC-84AE-D93469FE233A}.ReleaseLocal|x64.ActiveCfg = Release|x64
		{37BF6679-185D-44DC-84AE-D93469FE233A}.ReleaseLocal|x64.Build.0 = Release|x64
		{37BF6679-185D-44DC-84AE-D93469FE233A}.ReleaseLocal|x86.ActiveCfg = Release|x86
		{37BF6679-185D-44DC-84AE-D93469FE233A}.ReleaseLocal|x86.Build.0 = Release|x86
		{D2B6434F-2C5D-4A86-A620-3E16F139BD1F}.Debug|Any CPU.ActiveCfg = Debug|Any CPU
		{D2B6434F-2C5D-4A86-A620-3E16F139BD1F}.Debug|Any CPU.Build.0 = Debug|Any CPU
		{D2B6434F-2C5D-4A86-A620-3E16F139BD1F}.Debug|x64.ActiveCfg = Debug|Any CPU
		{D2B6434F-2C5D-4A86-A620-3E16F139BD1F}.Debug|x64.Build.0 = Debug|Any CPU
		{D2B6434F-2C5D-4A86-A620-3E16F139BD1F}.Debug|x86.ActiveCfg = Debug|Any CPU
		{D2B6434F-2C5D-4A86-A620-3E16F139BD1F}.Debug|x86.Build.0 = Debug|Any CPU
		{D2B6434F-2C5D-4A86-A620-3E16F139BD1F}.Release|Any CPU.ActiveCfg = Release|Any CPU
		{D2B6434F-2C5D-4A86-A620-3E16F139BD1F}.Release|Any CPU.Build.0 = Release|Any CPU
		{D2B6434F-2C5D-4A86-A620-3E16F139BD1F}.Release|x64.ActiveCfg = Release|Any CPU
		{D2B6434F-2C5D-4A86-A620-3E16F139BD1F}.Release|x64.Build.0 = Release|Any CPU
		{D2B6434F-2C5D-4A86-A620-3E16F139BD1F}.Release|x86.ActiveCfg = Release|Any CPU
		{D2B6434F-2C5D-4A86-A620-3E16F139BD1F}.Release|x86.Build.0 = Release|Any CPU
		{D2B6434F-2C5D-4A86-A620-3E16F139BD1F}.ReleaseLocal|Any CPU.ActiveCfg = Release|Any CPU
		{D2B6434F-2C5D-4A86-A620-3E16F139BD1F}.ReleaseLocal|Any CPU.Build.0 = Release|Any CPU
		{D2B6434F-2C5D-4A86-A620-3E16F139BD1F}.ReleaseLocal|x64.ActiveCfg = Release|Any CPU
		{D2B6434F-2C5D-4A86-A620-3E16F139BD1F}.ReleaseLocal|x64.Build.0 = Release|Any CPU
		{D2B6434F-2C5D-4A86-A620-3E16F139BD1F}.ReleaseLocal|x86.ActiveCfg = Release|Any CPU
		{D2B6434F-2C5D-4A86-A620-3E16F139BD1F}.ReleaseLocal|x86.Build.0 = Release|Any CPU
		{AA1EBC9C-1F54-42C7-8713-9693FB9F1149}.Debug|Any CPU.ActiveCfg = Debug|Any CPU
		{AA1EBC9C-1F54-42C7-8713-9693FB9F1149}.Debug|Any CPU.Build.0 = Debug|Any CPU
		{AA1EBC9C-1F54-42C7-8713-9693FB9F1149}.Debug|x64.ActiveCfg = Debug|Any CPU
		{AA1EBC9C-1F54-42C7-8713-9693FB9F1149}.Debug|x64.Build.0 = Debug|Any CPU
		{AA1EBC9C-1F54-42C7-8713-9693FB9F1149}.Debug|x86.ActiveCfg = Debug|Any CPU
		{AA1EBC9C-1F54-42C7-8713-9693FB9F1149}.Debug|x86.Build.0 = Debug|Any CPU
		{AA1EBC9C-1F54-42C7-8713-9693FB9F1149}.Release|Any CPU.ActiveCfg = Release|Any CPU
		{AA1EBC9C-1F54-42C7-8713-9693FB9F1149}.Release|Any CPU.Build.0 = Release|Any CPU
		{AA1EBC9C-1F54-42C7-8713-9693FB9F1149}.Release|x64.ActiveCfg = Release|Any CPU
		{AA1EBC9C-1F54-42C7-8713-9693FB9F1149}.Release|x64.Build.0 = Release|Any CPU
		{AA1EBC9C-1F54-42C7-8713-9693FB9F1149}.Release|x86.ActiveCfg = Release|Any CPU
		{AA1EBC9C-1F54-42C7-8713-9693FB9F1149}.Release|x86.Build.0 = Release|Any CPU
		{AA1EBC9C-1F54-42C7-8713-9693FB9F1149}.ReleaseLocal|Any CPU.ActiveCfg = Release|Any CPU
		{AA1EBC9C-1F54-42C7-8713-9693FB9F1149}.ReleaseLocal|Any CPU.Build.0 = Release|Any CPU
		{AA1EBC9C-1F54-42C7-8713-9693FB9F1149}.ReleaseLocal|x64.ActiveCfg = Release|Any CPU
		{AA1EBC9C-1F54-42C7-8713-9693FB9F1149}.ReleaseLocal|x64.Build.0 = Release|Any CPU
		{AA1EBC9C-1F54-42C7-8713-9693FB9F1149}.ReleaseLocal|x86.ActiveCfg = Release|Any CPU
		{AA1EBC9C-1F54-42C7-8713-9693FB9F1149}.ReleaseLocal|x86.Build.0 = Release|Any CPU
	EndGlobalSection
	GlobalSection(SolutionProperties) = preSolution
		HideSolutionNode = FALSE
	EndGlobalSection
	GlobalSection(NestedProjects) = preSolution
		{F8FC76A4-4185-4D23-B707-8DE9591D8052} = {DFD6E0AF-B89E-487C-BD62-1BCE8EEAAC5F}
		{9B1F096B-BC32-4066-88D0-5FDB2B0ACAC5} = {641C3C26-5233-4042-992A-00A7B5062C60}
		{B757A1BE-E1EC-4E63-9441-E387030AF2E1} = {641C3C26-5233-4042-992A-00A7B5062C60}
		{C70D71C7-FECF-427D-8200-FE2BF374DF1C} = {641C3C26-5233-4042-992A-00A7B5062C60}
		{EAD1AD5B-5854-45DE-8678-3ACD9418C3FE} = {641C3C26-5233-4042-992A-00A7B5062C60}
		{B1B1E423-9811-4294-A741-2C3422053C41} = {641C3C26-5233-4042-992A-00A7B5062C60}
		{1FC811C3-4763-429E-A791-E37C6E0F22A0} = {58A67C27-6A48-4C48-BE47-688D0E1375F7}
		{128D4166-C048-4C32-AA51-376FE51CFC3D} = {DFD6E0AF-B89E-487C-BD62-1BCE8EEAAC5F}
		{8FF8B90D-3611-48E3-9355-E0B776E882B1} = {DFD6E0AF-B89E-487C-BD62-1BCE8EEAAC5F}
		{267BDC6C-00BB-457C-8097-8ED6D4761122} = {DFD6E0AF-B89E-487C-BD62-1BCE8EEAAC5F}
		{3D880D46-B3B9-4714-93A1-A1FA8EA8D36D} = {DFD6E0AF-B89E-487C-BD62-1BCE8EEAAC5F}
		{5F8E2F32-409E-4A88-B7B8-787601642792} = {DFD6E0AF-B89E-487C-BD62-1BCE8EEAAC5F}
		{4EDC4222-B269-4959-B742-FC043E265950} = {641C3C26-5233-4042-992A-00A7B5062C60}
		{F5AA1DCC-FD2E-4039-9326-B28E86A97D66} = {DFD6E0AF-B89E-487C-BD62-1BCE8EEAAC5F}
		{B1DA1CB1-D9D0-4CEA-A2D9-865FAB6A0E1B} = {DFD6E0AF-B89E-487C-BD62-1BCE8EEAAC5F}
		{72EDFC1D-FD1D-4896-A339-72DA02A6920C} = {DFD6E0AF-B89E-487C-BD62-1BCE8EEAAC5F}
		{A0AFF01C-20BE-4D61-8DFB-D97641162932} = {DFD6E0AF-B89E-487C-BD62-1BCE8EEAAC5F}
		{CFEFA50A-B335-41B7-B5F0-ADAE7DD15894} = {58A67C27-6A48-4C48-BE47-688D0E1375F7}
		{6EEB284B-1BA3-4CEC-975C-752D32A3BC19} = {DFD6E0AF-B89E-487C-BD62-1BCE8EEAAC5F}
		{EF5143DE-6828-433C-8B5B-5148CD82E7DD} = {641C3C26-5233-4042-992A-00A7B5062C60}
		{526A8792-CCCD-41AF-931A-B594CADFF229} = {641C3C26-5233-4042-992A-00A7B5062C60}
		{CB53DD6B-B0D7-4247-95A9-004082A183FE} = {641C3C26-5233-4042-992A-00A7B5062C60}
		{F2967EF0-6B44-44B8-B7D2-6E3858F633AD} = {641C3C26-5233-4042-992A-00A7B5062C60}
		{84540A71-6C6E-4BCE-B8F2-A879580C5A5B} = {DFD6E0AF-B89E-487C-BD62-1BCE8EEAAC5F}
		{3B18D048-50A6-4C58-9569-C2DA8F488066} = {DFD6E0AF-B89E-487C-BD62-1BCE8EEAAC5F}
		{7E46AAB2-0645-4B66-B2BF-37E91AC4BF7C} = {DFD6E0AF-B89E-487C-BD62-1BCE8EEAAC5F}
		{474E807E-0122-42E0-A6E9-B9B22EE633BE} = {641C3C26-5233-4042-992A-00A7B5062C60}
		{5F459AAC-F5C1-4602-8B4F-6CB867AD0348} = {DFD6E0AF-B89E-487C-BD62-1BCE8EEAAC5F}
		{37BF6679-185D-44DC-84AE-D93469FE233A} = {DFD6E0AF-B89E-487C-BD62-1BCE8EEAAC5F}
		{D2B6434F-2C5D-4A86-A620-3E16F139BD1F} = {641C3C26-5233-4042-992A-00A7B5062C60}
		{AA1EBC9C-1F54-42C7-8713-9693FB9F1149} = {58A67C27-6A48-4C48-BE47-688D0E1375F7}
	EndGlobalSection
	GlobalSection(ExtensibilityGlobals) = postSolution
		SolutionGuid = {F1A6AF62-36C0-4B04-8949-A5F88CA1ACF3}
	EndGlobalSection
EndGlobal
